
Microsoft Visual Studio Solution File, Format Version 12.00
# Visual Studio 15
VisualStudioVersion = 15.0.28010.2016
MinimumVisualStudioVersion = 10.0.40219.1
Project("{FAE04EC0-301F-11D3-BF4B-00C04F79EFBC}") = "BLL", "BLL\BLL.csproj", "{681790D1-4BFB-4DA4-AB4C-46221414C216}"
EndProject
Project("{FAE04EC0-301F-11D3-BF4B-00C04F79EFBC}") = "DependencyResolver", "DependencyResolver\DependencyResolver.csproj", "{52AEDF30-F1D2-4B14-AF57-BE2F0C6C7ABB}"
EndProject
Project("{FAE04EC0-301F-11D3-BF4B-00C04F79EFBC}") = "DAL", "DAL\DAL.csproj", "{4B26BBAA-A807-4E0B-9146-03305C8BB384}"
EndProject
Project("{FAE04EC0-301F-11D3-BF4B-00C04F79EFBC}") = "PL", "PL\PL.csproj", "{768D8E25-CBA2-469A-B727-9BCB4C55D20F}"
EndProject
Global
	GlobalSection(SolutionConfigurationPlatforms) = preSolution
		Debug|Any CPU = Debug|Any CPU
		Release|Any CPU = Release|Any CPU
	EndGlobalSection
	GlobalSection(ProjectConfigurationPlatforms) = postSolution
		{681790D1-4BFB-4DA4-AB4C-46221414C216}.Debug|Any CPU.ActiveCfg = Debug|Any CPU
		{681790D1-4BFB-4DA4-AB4C-46221414C216}.Debug|Any CPU.Build.0 = Debug|Any CPU
		{681790D1-4BFB-4DA4-AB4C-46221414C216}.Release|Any CPU.ActiveCfg = Release|Any CPU
		{681790D1-4BFB-4DA4-AB4C-46221414C216}.Release|Any CPU.Build.0 = Release|Any CPU
		{52AEDF30-F1D2-4B14-AF57-BE2F0C6C7ABB}.Debug|Any CPU.ActiveCfg = Debug|Any CPU
		{52AEDF30-F1D2-4B14-AF57-BE2F0C6C7ABB}.Debug|Any CPU.Build.0 = Debug|Any CPU
		{52AEDF30-F1D2-4B14-AF57-BE2F0C6C7ABB}.Release|Any CPU.ActiveCfg = Release|Any CPU
		{52AEDF30-F1D2-4B14-AF57-BE2F0C6C7ABB}.Release|Any CPU.Build.0 = Release|Any CPU
		{4B26BBAA-A807-4E0B-9146-03305C8BB384}.Debug|Any CPU.ActiveCfg = Debug|Any CPU
		{4B26BBAA-A807-4E0B-9146-03305C8BB384}.Debug|Any CPU.Build.0 = Debug|Any CPU
		{4B26BBAA-A807-4E0B-9146-03305C8BB384}.Release|Any CPU.ActiveCfg = Release|Any CPU
		{4B26BBAA-A807-4E0B-9146-03305C8BB384}.Release|Any CPU.Build.0 = Release|Any CPU
		{768D8E25-CBA2-469A-B727-9BCB4C55D20F}.Debug|Any CPU.ActiveCfg = Debug|Any CPU
		{768D8E25-CBA2-469A-B727-9BCB4C55D20F}.Debug|Any CPU.Build.0 = Debug|Any CPU
		{768D8E25-CBA2-469A-B727-9BCB4C55D20F}.Release|Any CPU.ActiveCfg = Release|Any CPU
		{768D8E25-CBA2-469A-B727-9BCB4C55D20F}.Release|Any CPU.Build.0 = Release|Any CPU
	EndGlobalSection
	GlobalSection(SolutionProperties) = preSolution
		HideSolutionNode = FALSE
	EndGlobalSection
	GlobalSection(ExtensibilityGlobals) = postSolution
		SolutionGuid = {C6C88FB8-12A4-466E-A4E9-A06B334FF81E}
	EndGlobalSection
EndGlobal
